
Microsoft Visual Studio Solution File, Format Version 12.00
# Visual Studio Version 16
VisualStudioVersion = 16.0.31624.102
MinimumVisualStudioVersion = 10.0.40219.1
Project("{FAE04EC0-301F-11D3-BF4B-00C04F79EFBC}") = "Unturned-Server-System", "Unturned-Server-System.csproj", "{D579C0D6-FF36-4115-81BA-B272E21AA4EA}"
EndProject
Project("{54435603-DBB4-11D2-8724-00A0C9A8B90C}") = "Unturned Server System", "..\Unturned Server System\Unturned Server System.vdproj", "{1FBB37BB-3FAD-4AC9-991F-E30FD50562D3}"
EndProject
Global
	GlobalSection(SolutionConfigurationPlatforms) = preSolution
		Debug|Any CPU = Debug|Any CPU
		Release|Any CPU = Release|Any CPU
	EndGlobalSection
	GlobalSection(ProjectConfigurationPlatforms) = postSolution
		{D579C0D6-FF36-4115-81BA-B272E21AA4EA}.Debug|Any CPU.ActiveCfg = Release|Any CPU
		{D579C0D6-FF36-4115-81BA-B272E21AA4EA}.Debug|Any CPU.Build.0 = Release|Any CPU
		{D579C0D6-FF36-4115-81BA-B272E21AA4EA}.Release|Any CPU.ActiveCfg = Release|Any CPU
		{D579C0D6-FF36-4115-81BA-B272E21AA4EA}.Release|Any CPU.Build.0 = Release|Any CPU
		{1FBB37BB-3FAD-4AC9-991F-E30FD50562D3}.Debug|Any CPU.ActiveCfg = Debug
		{1FBB37BB-3FAD-4AC9-991F-E30FD50562D3}.Release|Any CPU.ActiveCfg = Release
	EndGlobalSection
	GlobalSection(SolutionProperties) = preSolution
		HideSolutionNode = FALSE
	EndGlobalSection
	GlobalSection(ExtensibilityGlobals) = postSolution
		SolutionGuid = {696E63AA-D444-49D6-9DDD-7B9D54E1F34C}
	EndGlobalSection
EndGlobal
